<?xml version="1.0" encoding="utf-8"?>
<Project ToolsVersion="4.0" xmlns="http://schemas.microsoft.com/developer/msbuild/2003">
  <ItemGroup>
    <ClCompile Include="$(JUCESourceDir)*.cpp" />
    <ClCompile Include="$(JUCESourceDir)*.cpp" />
    <ClCompile Include="$(JUCESourceDir)*.cpp" />
    <ClCompile Include="$(JUCESourceDir)*.cpp" />
    <ClCompile Include="$(JUCESourceDir)*.cpp" />
    <ClCompile Include="$(JUCESourceDir)*.cpp" />
    <ClCompile Include="$(JUCESourceDir)*.cpp" />
    <ClCompile Include="$(JUCESourceDir)*.cpp" />
    <ClCompile Include="$(JUCESourceDir)*.cpp" />
    <ClCompile Include="$(JUCESourceDir)*.cpp" />
    <ClCompile Include="$(JUCESourceDir)*.cpp" />
    <ClCompile Include="$(JUCESourceDir)*.cpp" />
    <ClCompile Include="$(JUCESourceDir)*.cpp" />
    <ClCompile Include="$(JUCESourceDir)*.cpp" />
    <ClCompile Include="$(JUCESourceDir)*.cpp" />
    <ClCompile Include="$(JUCESourceDir)*.cpp" />
    <ClCompile Include="$(JUCESourceDir)*.cpp" />
    <ClCompile Include="$(JUCESourceDir)*.cpp" />
    <ClCompile Include="$(JUCESourceDir)*.cpp" />
    <ClCompile Include="$(JUCESourceDir)*.cpp" />
    <ClCompile Include="$(JUCESourceDir)*.cpp" />
    <ClCompile Include="$(JUCESourceDir)*.cpp" />
    <ClCompile Include="$(JUCESourceDir)*.cpp" />
    <ClCompile Include="$(JUCESourceDir)*.cpp" />
    <ClCompile Include="$(JUCESourceDir)*.cpp" />
    <ClCompile Include="$(JUCESourceDir)*.cpp" />
    <ClCompile Include="$(JUCESourceDir)*.cpp" />
    <ClCompile Include="$(JUCESourceDir)*.cpp" />
    <ClCompile Include="$(JUCESourceDir)*.cpp" />
    <ClCompile Include="$(JUCESourceDir)*.cpp" />
    <ClCompile Include="$(JUCESourceDir)*.cpp" />
    <ClCompile Include="$(JUCESourceDir)*.cpp" />
    <ClCompile Include="$(JUCESourceDir)*.cpp" />
    <ClCompile Include="$(JUCESourceDir)*.cpp" />
    <ClCompile Include="$(JUCESourceDir)*.cpp" />
    <ClCompile Include="$(JUCESourceDir)*.cpp" />
    <ClCompile Include="$(JUCESourceDir)*.cpp" />
    <ClCompile Include="$(JUCESourceDir)*.cpp" />
    <ClCompile Include="$(JUCESourceDir)*.cpp" />
    <ClCompile Include="..\Source\JUCE\juce_audio_basics.cpp">
      <Filter>Source</Filter>
    </ClCompile>
    <ClCompile Include="..\Source\JUCE\juce_audio_devices.cpp">
      <Filter>Source</Filter>
    </ClCompile>
    <ClCompile Include="..\Source\JUCE\juce_audio_formats.cpp">
      <Filter>Source</Filter>
    </ClCompile>
    <ClCompile Include="..\Source\JUCE\juce_audio_processors.cpp">
      <Filter>Source</Filter>
    </ClCompile>
    <ClCompile Include="..\Source\JUCE\juce_core.cpp">
      <Filter>Source</Filter>
    </ClCompile>
    <ClCompile Include="..\Source\JUCE\juce_cryptography.cpp">
      <Filter>Source</Filter>
    </ClCompile>
    <ClCompile Include="..\Source\JUCE\juce_data_structures.cpp">
      <Filter>Source</Filter>
    </ClCompile>
    <ClCompile Include="..\Source\JUCE\juce_events.cpp">
      <Filter>Source</Filter>
    </ClCompile>
    <ClCompile Include="..\Source\JUCE\juce_graphics.cpp">
      <Filter>Source</Filter>
    </ClCompile>
    <ClCompile Include="..\Source\JUCE\juce_gui_basics.cpp">
      <Filter>Source</Filter>
    </ClCompile>
    <ClCompile Include="..\Source\JUCE\juce_gui_extra.cpp">
      <Filter>Source</Filter>
    </ClCompile>
    <ClCompile Include="..\Source\JUCE\juce_opengl.cpp">
      <Filter>Source</Filter>
    </ClCompile>
    <ClCompile Include="..\Source\JUCE\juce_video.cpp">
      <Filter>Source</Filter>
    </ClCompile>
  </ItemGroup>
  <ItemGroup>
    <Filter Include="Source">
      <UniqueIdentifier>{8d956468-764d-46be-96ae-325d5bc996b8}</UniqueIdentifier>
    </Filter>
    <Filter Include="Include">
      <UniqueIdentifier>{5763e1af-500c-40bd-bcc9-28ac84bd24a4}</UniqueIdentifier>
    </Filter>
  </ItemGroup>
  <ItemGroup>
    <ClInclude Include="..\Include\JUCE\AudioBasics.h">
      <Filter>Include</Filter>
    </ClInclude>
    <ClInclude Include="..\Include\JUCE\AudioDevices.h">
      <Filter>Include</Filter>
    </ClInclude>
    <ClInclude Include="..\Include\JUCE\AudioFormats.h">
      <Filter>Include</Filter>
    </ClInclude>
    <ClInclude Include="..\Include\JUCE\AudioProcessors.h">
      <Filter>Include</Filter>
    </ClInclude>
    <ClInclude Include="..\Include\JUCE\Config.h">
      <Filter>Include</Filter>
    </ClInclude>
    <ClInclude Include="..\Include\JUCE\Core.h">
      <Filter>Include</Filter>
    </ClInclude>
    <ClInclude Include="..\Include\JUCE\Cryptography.h">
      <Filter>Include</Filter>
    </ClInclude>
    <ClInclude Include="..\Include\JUCE\DataStructures.h">
      <Filter>Include</Filter>
    </ClInclude>
    <ClInclude Include="..\Include\JUCE\Events.h">
      <Filter>Include</Filter>
    </ClInclude>
    <ClInclude Include="..\Include\JUCE\Graphics.h">
      <Filter>Include</Filter>
    </ClInclude>
    <ClInclude Include="..\Include\JUCE\GUIBasic.h">
      <Filter>Include</Filter>
    </ClInclude>
    <ClInclude Include="..\Include\JUCE\GUIExtra.h">
      <Filter>Include</Filter>
    </ClInclude>
    <ClInclude Include="..\Include\JUCE\OpenGL.h">
      <Filter>Include</Filter>
    </ClInclude>
    <ClInclude Include="..\Include\JUCE\Video.h">
      <Filter>Include</Filter>
    </ClInclude>
  </ItemGroup>
</Project>