
Microsoft Visual Studio Solution File, Format Version 12.00
# Visual Studio 14
VisualStudioVersion = 14.0.25420.1
MinimumVisualStudioVersion = 10.0.40219.1
Project("{8BC9CEB8-8B4A-11D0-8D11-00A0C91BC942}") = "JUCEUtils", "JUCEUtils.vcxproj", "{206B7826-FF6B-45EE-A8B8-C330866052EC}"
EndProject
Project("{2150E333-8FDC-42A3-9474-1A3956D46DE8}") = "Stretto", "Stretto", "{2F360E6D-DC85-42A9-A071-75A73E943370}"
EndProject
Project("{8BC9CEB8-8B4A-11D0-8D11-00A0C91BC942}") = "JUCE", "JUCE.vcxproj", "{2013A954-B865-454C-8B47-8A40564E01AD}"
EndProject
Project("{2150E333-8FDC-42A3-9474-1A3956D46DE8}") = "Third-Party", "Third-Party", "{04FAE64C-548D-49C0-94F8-C962D327A710}"
EndProject
Project("{8BC9CEB8-8B4A-11D0-8D11-00A0C91BC942}") = "Utils", "Utils.vcxproj", "{B86CEC5D-3E31-4AE6-9DCF-C336447D5DD5}"
EndProject
Project("{8BC9CEB8-8B4A-11D0-8D11-00A0C91BC942}") = "Theory", "Theory.vcxproj", "{C155382C-0C8F-4265-A97B-AD669E9D121D}"
EndProject
Project("{8BC9CEB8-8B4A-11D0-8D11-00A0C91BC942}") = "googletest", "googletest.vcxproj", "{0709308F-CBE6-4DD9-B0EE-F0085415FB9B}"
EndProject
Project("{8BC9CEB8-8B4A-11D0-8D11-00A0C91BC942}") = "Piece", "Piece.vcxproj", "{6A889DC7-4175-40FE-B985-189ACDBAFAB4}"
EndProject
Project("{8BC9CEB8-8B4A-11D0-8D11-00A0C91BC942}") = "Midi", "Midi.vcxproj", "{EDC35972-D4C4-4F41-BEFB-9F73D3C94F10}"
EndProject
Project("{8BC9CEB8-8B4A-11D0-8D11-00A0C91BC942}") = "UnitTests", "UnitTests.vcxproj", "{50F3EC2E-55BA-4774-9042-37471E971914}"
EndProject
Project("{8BC9CEB8-8B4A-11D0-8D11-00A0C91BC942}") = "GUI", "GUI.vcxproj", "{8ACFCC26-EDC0-4E5D-8731-26E84E676287}"
EndProject
Project("{8BC9CEB8-8B4A-11D0-8D11-00A0C91BC942}") = "PluginAPI", "PluginAPI.vcxproj", "{4E0D45E3-D9AD-499E-A5AB-A67E019C9263}"
EndProject
Project("{8BC9CEB8-8B4A-11D0-8D11-00A0C91BC942}") = "BuiltinPlugin", "BuiltinPlugin.vcxproj", "{55ED8207-D42F-4A83-86DB-24727D8D13E5}"
EndProject
Project("{8BC9CEB8-8B4A-11D0-8D11-00A0C91BC942}") = "Analysis", "Analysis.vcxproj", "{5C9C5484-3EE6-4032-A285-991CF7DF7DE5}"
EndProject
Global
	GlobalSection(SolutionConfigurationPlatforms) = preSolution
		Debug|x64 = Debug|x64
		Debug|x86 = Debug|x86
		Release|x64 = Release|x64
		Release|x86 = Release|x86
	EndGlobalSection
	GlobalSection(ProjectConfigurationPlatforms) = postSolution
		{206B7826-FF6B-45EE-A8B8-C330866052EC}.Debug|x64.ActiveCfg = Debug|x64
		{206B7826-FF6B-45EE-A8B8-C330866052EC}.Debug|x64.Build.0 = Debug|x64
		{206B7826-FF6B-45EE-A8B8-C330866052EC}.Debug|x86.ActiveCfg = Debug|x64
		{206B7826-FF6B-45EE-A8B8-C330866052EC}.Release|x64.ActiveCfg = Release|x64
		{206B7826-FF6B-45EE-A8B8-C330866052EC}.Release|x64.Build.0 = Release|x64
		{206B7826-FF6B-45EE-A8B8-C330866052EC}.Release|x86.ActiveCfg = Release|x64
		{2013A954-B865-454C-8B47-8A40564E01AD}.Debug|x64.ActiveCfg = Debug|x64
		{2013A954-B865-454C-8B47-8A40564E01AD}.Debug|x64.Build.0 = Debug|x64
		{2013A954-B865-454C-8B47-8A40564E01AD}.Debug|x86.ActiveCfg = Debug|x64
		{2013A954-B865-454C-8B47-8A40564E01AD}.Release|x64.ActiveCfg = Release|x64
		{2013A954-B865-454C-8B47-8A40564E01AD}.Release|x64.Build.0 = Release|x64
		{2013A954-B865-454C-8B47-8A40564E01AD}.Release|x86.ActiveCfg = Release|x64
		{B86CEC5D-3E31-4AE6-9DCF-C336447D5DD5}.Debug|x64.ActiveCfg = Debug|x64
		{B86CEC5D-3E31-4AE6-9DCF-C336447D5DD5}.Debug|x64.Build.0 = Debug|x64
		{B86CEC5D-3E31-4AE6-9DCF-C336447D5DD5}.Debug|x86.ActiveCfg = Debug|x64
		{B86CEC5D-3E31-4AE6-9DCF-C336447D5DD5}.Release|x64.ActiveCfg = Release|x64
		{B86CEC5D-3E31-4AE6-9DCF-C336447D5DD5}.Release|x64.Build.0 = Release|x64
		{B86CEC5D-3E31-4AE6-9DCF-C336447D5DD5}.Release|x86.ActiveCfg = Release|x64
		{C155382C-0C8F-4265-A97B-AD669E9D121D}.Debug|x64.ActiveCfg = Debug|x64
		{C155382C-0C8F-4265-A97B-AD669E9D121D}.Debug|x64.Build.0 = Debug|x64
		{C155382C-0C8F-4265-A97B-AD669E9D121D}.Debug|x86.ActiveCfg = Debug|x64
		{C155382C-0C8F-4265-A97B-AD669E9D121D}.Release|x64.ActiveCfg = Release|x64
		{C155382C-0C8F-4265-A97B-AD669E9D121D}.Release|x64.Build.0 = Release|x64
		{C155382C-0C8F-4265-A97B-AD669E9D121D}.Release|x86.ActiveCfg = Release|x64
		{0709308F-CBE6-4DD9-B0EE-F0085415FB9B}.Debug|x64.ActiveCfg = Debug|x64
		{0709308F-CBE6-4DD9-B0EE-F0085415FB9B}.Debug|x64.Build.0 = Debug|x64
		{0709308F-CBE6-4DD9-B0EE-F0085415FB9B}.Debug|x86.ActiveCfg = Debug|x64
		{0709308F-CBE6-4DD9-B0EE-F0085415FB9B}.Release|x64.ActiveCfg = Release|x64
		{0709308F-CBE6-4DD9-B0EE-F0085415FB9B}.Release|x64.Build.0 = Release|x64
		{0709308F-CBE6-4DD9-B0EE-F0085415FB9B}.Release|x86.ActiveCfg = Release|x64
		{6A889DC7-4175-40FE-B985-189ACDBAFAB4}.Debug|x64.ActiveCfg = Debug|x64
		{6A889DC7-4175-40FE-B985-189ACDBAFAB4}.Debug|x64.Build.0 = Debug|x64
		{6A889DC7-4175-40FE-B985-189ACDBAFAB4}.Debug|x86.ActiveCfg = Debug|x64
		{6A889DC7-4175-40FE-B985-189ACDBAFAB4}.Release|x64.ActiveCfg = Release|x64
		{6A889DC7-4175-40FE-B985-189ACDBAFAB4}.Release|x64.Build.0 = Release|x64
		{6A889DC7-4175-40FE-B985-189ACDBAFAB4}.Release|x86.ActiveCfg = Release|x64
		{EDC35972-D4C4-4F41-BEFB-9F73D3C94F10}.Debug|x64.ActiveCfg = Debug|x64
		{EDC35972-D4C4-4F41-BEFB-9F73D3C94F10}.Debug|x64.Build.0 = Debug|x64
		{EDC35972-D4C4-4F41-BEFB-9F73D3C94F10}.Debug|x86.ActiveCfg = Debug|x64
		{EDC35972-D4C4-4F41-BEFB-9F73D3C94F10}.Release|x64.ActiveCfg = Release|x64
		{EDC35972-D4C4-4F41-BEFB-9F73D3C94F10}.Release|x64.Build.0 = Release|x64
		{EDC35972-D4C4-4F41-BEFB-9F73D3C94F10}.Release|x86.ActiveCfg = Release|x64
		{50F3EC2E-55BA-4774-9042-37471E971914}.Debug|x64.ActiveCfg = Debug|x64
		{50F3EC2E-55BA-4774-9042-37471E971914}.Debug|x64.Build.0 = Debug|x64
		{50F3EC2E-55BA-4774-9042-37471E971914}.Debug|x86.ActiveCfg = Debug|x64
		{50F3EC2E-55BA-4774-9042-37471E971914}.Release|x64.ActiveCfg = Release|x64
		{50F3EC2E-55BA-4774-9042-37471E971914}.Release|x64.Build.0 = Release|x64
		{50F3EC2E-55BA-4774-9042-37471E971914}.Release|x86.ActiveCfg = Release|x64
		{8ACFCC26-EDC0-4E5D-8731-26E84E676287}.Debug|x64.ActiveCfg = Debug|x64
		{8ACFCC26-EDC0-4E5D-8731-26E84E676287}.Debug|x64.Build.0 = Debug|x64
		{8ACFCC26-EDC0-4E5D-8731-26E84E676287}.Debug|x86.ActiveCfg = Debug|x64
		{8ACFCC26-EDC0-4E5D-8731-26E84E676287}.Release|x64.ActiveCfg = Release|x64
		{8ACFCC26-EDC0-4E5D-8731-26E84E676287}.Release|x64.Build.0 = Release|x64
		{8ACFCC26-EDC0-4E5D-8731-26E84E676287}.Release|x86.ActiveCfg = Release|x64
		{4E0D45E3-D9AD-499E-A5AB-A67E019C9263}.Debug|x64.ActiveCfg = Debug|x64
		{4E0D45E3-D9AD-499E-A5AB-A67E019C9263}.Debug|x64.Build.0 = Debug|x64
		{4E0D45E3-D9AD-499E-A5AB-A67E019C9263}.Debug|x86.ActiveCfg = Debug|x64
		{4E0D45E3-D9AD-499E-A5AB-A67E019C9263}.Release|x64.ActiveCfg = Release|x64
		{4E0D45E3-D9AD-499E-A5AB-A67E019C9263}.Release|x64.Build.0 = Release|x64
		{4E0D45E3-D9AD-499E-A5AB-A67E019C9263}.Release|x86.ActiveCfg = Release|x64
		{55ED8207-D42F-4A83-86DB-24727D8D13E5}.Debug|x64.ActiveCfg = Debug|x64
		{55ED8207-D42F-4A83-86DB-24727D8D13E5}.Debug|x64.Build.0 = Debug|x64
		{55ED8207-D42F-4A83-86DB-24727D8D13E5}.Debug|x86.ActiveCfg = Debug|x64
		{55ED8207-D42F-4A83-86DB-24727D8D13E5}.Release|x64.ActiveCfg = Release|x64
		{55ED8207-D42F-4A83-86DB-24727D8D13E5}.Release|x64.Build.0 = Release|x64
		{55ED8207-D42F-4A83-86DB-24727D8D13E5}.Release|x86.ActiveCfg = Release|x64
		{5C9C5484-3EE6-4032-A285-991CF7DF7DE5}.Debug|x64.ActiveCfg = Debug|x64
		{5C9C5484-3EE6-4032-A285-991CF7DF7DE5}.Debug|x64.Build.0 = Debug|x64
		{5C9C5484-3EE6-4032-A285-991CF7DF7DE5}.Debug|x86.ActiveCfg = Debug|x64
		{5C9C5484-3EE6-4032-A285-991CF7DF7DE5}.Release|x64.ActiveCfg = Release|x64
		{5C9C5484-3EE6-4032-A285-991CF7DF7DE5}.Release|x64.Build.0 = Release|x64
		{5C9C5484-3EE6-4032-A285-991CF7DF7DE5}.Release|x86.ActiveCfg = Release|x64
	EndGlobalSection
	GlobalSection(SolutionProperties) = preSolution
		HideSolutionNode = FALSE
	EndGlobalSection
	GlobalSection(NestedProjects) = preSolution
		{206B7826-FF6B-45EE-A8B8-C330866052EC} = {2F360E6D-DC85-42A9-A071-75A73E943370}
		{2013A954-B865-454C-8B47-8A40564E01AD} = {04FAE64C-548D-49C0-94F8-C962D327A710}
		{B86CEC5D-3E31-4AE6-9DCF-C336447D5DD5} = {2F360E6D-DC85-42A9-A071-75A73E943370}
		{C155382C-0C8F-4265-A97B-AD669E9D121D} = {2F360E6D-DC85-42A9-A071-75A73E943370}
		{0709308F-CBE6-4DD9-B0EE-F0085415FB9B} = {04FAE64C-548D-49C0-94F8-C962D327A710}
		{6A889DC7-4175-40FE-B985-189ACDBAFAB4} = {2F360E6D-DC85-42A9-A071-75A73E943370}
		{EDC35972-D4C4-4F41-BEFB-9F73D3C94F10} = {2F360E6D-DC85-42A9-A071-75A73E943370}
		{50F3EC2E-55BA-4774-9042-37471E971914} = {2F360E6D-DC85-42A9-A071-75A73E943370}
		{8ACFCC26-EDC0-4E5D-8731-26E84E676287} = {2F360E6D-DC85-42A9-A071-75A73E943370}
		{4E0D45E3-D9AD-499E-A5AB-A67E019C9263} = {2F360E6D-DC85-42A9-A071-75A73E943370}
		{55ED8207-D42F-4A83-86DB-24727D8D13E5} = {2F360E6D-DC85-42A9-A071-75A73E943370}
		{5C9C5484-3EE6-4032-A285-991CF7DF7DE5} = {2F360E6D-DC85-42A9-A071-75A73E943370}
	EndGlobalSection
EndGlobal
