<?xml version="1.0" encoding="utf-8"?>
<Project ToolsVersion="4.0" xmlns="http://schemas.microsoft.com/developer/msbuild/2003">
  <ItemGroup>
    <Filter Include="Include">
      <UniqueIdentifier>{93995380-89BD-4b04-88EB-625FBE52EBFB}</UniqueIdentifier>
      <Extensions>h;hh;hpp;hxx;hm;inl;inc;xsd</Extensions>
    </Filter>
    <Filter Include="Source">
      <UniqueIdentifier>{4FC737F1-C7A5-4376-A066-2A32D752A2FF}</UniqueIdentifier>
      <Extensions>cpp;c;cc;cxx;def;odl;idl;hpj;bat;asm;asmx</Extensions>
    </Filter>
    <Filter Include="Source\Piece">
      <UniqueIdentifier>{313bf381-52b7-4b96-b0c6-18386dd3789f}</UniqueIdentifier>
    </Filter>
    <Filter Include="Include\Piece">
      <UniqueIdentifier>{e187e128-fbd1-44d7-ac09-c2dc8ec81f20}</UniqueIdentifier>
    </Filter>
  </ItemGroup>
  <ItemGroup>
    <ClInclude Include="..\Include\FXG\Stretto\Theory\AggregatedNote.h">
      <Filter>Include</Filter>
    </ClInclude>
    <ClInclude Include="..\Include\FXG\Stretto\Theory\CanonicNote.h">
      <Filter>Include</Filter>
    </ClInclude>
    <ClInclude Include="..\Include\FXG\Stretto\Theory\NoteDuration.h">
      <Filter>Include</Filter>
    </ClInclude>
    <ClInclude Include="..\Include\FXG\Stretto\Theory\NoteLetter.h">
      <Filter>Include</Filter>
    </ClInclude>
    <ClInclude Include="..\Include\FXG\Stretto\Theory\Pitch.h">
      <Filter>Include</Filter>
    </ClInclude>
    <ClInclude Include="..\Include\FXG\Stretto\Theory\Quality.h">
      <Filter>Include</Filter>
    </ClInclude>
    <ClInclude Include="..\Include\FXG\Stretto\Theory\TimeSignature.h">
      <Filter>Include</Filter>
    </ClInclude>
    <ClInclude Include="..\Include\FXG\Stretto\Theory\Tone.h">
      <Filter>Include</Filter>
    </ClInclude>
    <ClInclude Include="..\Include\FXG\Stretto\Theory\Accidental.h">
      <Filter>Include</Filter>
    </ClInclude>
    <ClInclude Include="..\Include\FXG\Stretto\Theory\Interval.h">
      <Filter>Include</Filter>
    </ClInclude>
    <ClInclude Include="..\Include\FXG\Stretto\Theory\Piece\AggregatedNode.h">
      <Filter>Include\Piece</Filter>
    </ClInclude>
    <ClInclude Include="..\Include\FXG\Stretto\Theory\Piece\CanonicNode.h">
      <Filter>Include\Piece</Filter>
    </ClInclude>
    <ClInclude Include="..\Include\FXG\Stretto\Theory\Piece\Part.h">
      <Filter>Include\Piece</Filter>
    </ClInclude>
    <ClInclude Include="..\Include\FXG\Stretto\Theory\Piece\PartBuilder.h">
      <Filter>Include\Piece</Filter>
    </ClInclude>
    <ClInclude Include="..\Include\FXG\Stretto\Theory\Piece\Piece.h">
      <Filter>Include\Piece</Filter>
    </ClInclude>
  </ItemGroup>
  <ItemGroup>
    <ClCompile Include="..\Source\Theory\NoteDuration.cpp">
      <Filter>Source</Filter>
    </ClCompile>
    <ClCompile Include="..\Source\Theory\Pitch.cpp">
      <Filter>Source</Filter>
    </ClCompile>
    <ClCompile Include="..\Source\Theory\Quality.cpp">
      <Filter>Source</Filter>
    </ClCompile>
    <ClCompile Include="..\Source\Theory\TimeSignature.cpp">
      <Filter>Source</Filter>
    </ClCompile>
    <ClCompile Include="..\Source\Theory\Tone.cpp">
      <Filter>Source</Filter>
    </ClCompile>
    <ClCompile Include="..\Source\Theory\AggregatedNote.cpp">
      <Filter>Source</Filter>
    </ClCompile>
    <ClCompile Include="..\Source\Theory\CanonicNote.cpp">
      <Filter>Source</Filter>
    </ClCompile>
    <ClCompile Include="..\Source\Theory\Accidental.cpp">
      <Filter>Source</Filter>
    </ClCompile>
    <ClCompile Include="..\Source\Theory\Interval.cpp">
      <Filter>Source</Filter>
    </ClCompile>
    <ClCompile Include="..\Source\Theory\Piece\CanonicNode.cpp">
      <Filter>Source\Piece</Filter>
    </ClCompile>
    <ClCompile Include="..\Source\Theory\Piece\Part.cpp">
      <Filter>Source\Piece</Filter>
    </ClCompile>
    <ClCompile Include="..\Source\Theory\Piece\PartBuilder.cpp">
      <Filter>Source\Piece</Filter>
    </ClCompile>
    <ClCompile Include="..\Source\Theory\Piece\Piece.cpp">
      <Filter>Source\Piece</Filter>
    </ClCompile>
    <ClCompile Include="..\Source\Theory\Piece\AggregatedNode.cpp">
      <Filter>Source\Piece</Filter>
    </ClCompile>
  </ItemGroup>
</Project>